
Microsoft Visual Studio Solution File, Format Version 12.00
# Visual Studio Version 17
VisualStudioVersion = 17.14.36203.30 d17.14
MinimumVisualStudioVersion = 10.0.40219.1
Project("{FAE04EC0-301F-11D3-BF4B-00C04F79EFBC}") = "ApplicationNandu", "ApplicationNandu\ApplicationNandu.csproj", "{A19E8792-6891-4974-AB78-7C911E7CAF0C}"
EndProject
Global
	GlobalSection(SolutionConfigurationPlatforms) = preSolution
		Debug|Any CPU = Debug|Any CPU
		Release|Any CPU = Release|Any CPU
	EndGlobalSection
	GlobalSection(ProjectConfigurationPlatforms) = postSolution
		{A19E8792-6891-4974-AB78-7C911E7CAF0C}.Debug|Any CPU.ActiveCfg = Debug|Any CPU
		{A19E8792-6891-4974-AB78-7C911E7CAF0C}.Debug|Any CPU.Build.0 = Debug|Any CPU
		{A19E8792-6891-4974-AB78-7C911E7CAF0C}.Release|Any CPU.ActiveCfg = Release|Any CPU
		{A19E8792-6891-4974-AB78-7C911E7CAF0C}.Release|Any CPU.Build.0 = Release|Any CPU
	EndGlobalSection
	GlobalSection(SolutionProperties) = preSolution
		HideSolutionNode = FALSE
	EndGlobalSection
	GlobalSection(ExtensibilityGlobals) = postSolution
		SolutionGuid = {2612DD5F-1B59-435F-83F4-00A6F5DCC7CF}
	EndGlobalSection
EndGlobal
